
Microsoft Visual Studio Solution File, Format Version 12.00
# Visual Studio Version 16
VisualStudioVersion = 16.0.32901.82
MinimumVisualStudioVersion = 10.0.40219.1
Project("{FAE04EC0-301F-11D3-BF4B-00C04F79EFBC}") = "Session_State", "Session_State\Session_State.csproj", "{382428E4-E8AA-410B-A39B-F1E6E4BCD508}"
EndProject
Global
	GlobalSection(SolutionConfigurationPlatforms) = preSolution
		Debug|Any CPU = Debug|Any CPU
		Release|Any CPU = Release|Any CPU
	EndGlobalSection
	GlobalSection(ProjectConfigurationPlatforms) = postSolution
		{382428E4-E8AA-410B-A39B-F1E6E4BCD508}.Debug|Any CPU.ActiveCfg = Debug|Any CPU
		{382428E4-E8AA-410B-A39B-F1E6E4BCD508}.Debug|Any CPU.Build.0 = Debug|Any CPU
		{382428E4-E8AA-410B-A39B-F1E6E4BCD508}.Release|Any CPU.ActiveCfg = Release|Any CPU
		{382428E4-E8AA-410B-A39B-F1E6E4BCD508}.Release|Any CPU.Build.0 = Release|Any CPU
	EndGlobalSection
	GlobalSection(SolutionProperties) = preSolution
		HideSolutionNode = FALSE
	EndGlobalSection
	GlobalSection(ExtensibilityGlobals) = postSolution
		SolutionGuid = {73078CE1-F3EB-49E2-8DB3-31E259716F26}
	EndGlobalSection
EndGlobal
