
Microsoft Visual Studio Solution File, Format Version 12.00
# Visual Studio Version 16
VisualStudioVersion = 16.0.32901.82
MinimumVisualStudioVersion = 10.0.40219.1
Project("{FAE04EC0-301F-11D3-BF4B-00C04F79EFBC}") = "Custom_Validation_Controls", "Custom_Validation_Controls\Custom_Validation_Controls.csproj", "{3F73F1E1-CEDA-4A1A-A4F9-997374EBEF0E}"
EndProject
Global
	GlobalSection(SolutionConfigurationPlatforms) = preSolution
		Debug|Any CPU = Debug|Any CPU
		Release|Any CPU = Release|Any CPU
	EndGlobalSection
	GlobalSection(ProjectConfigurationPlatforms) = postSolution
		{3F73F1E1-CEDA-4A1A-A4F9-997374EBEF0E}.Debug|Any CPU.ActiveCfg = Debug|Any CPU
		{3F73F1E1-CEDA-4A1A-A4F9-997374EBEF0E}.Debug|Any CPU.Build.0 = Debug|Any CPU
		{3F73F1E1-CEDA-4A1A-A4F9-997374EBEF0E}.Release|Any CPU.ActiveCfg = Release|Any CPU
		{3F73F1E1-CEDA-4A1A-A4F9-997374EBEF0E}.Release|Any CPU.Build.0 = Release|Any CPU
	EndGlobalSection
	GlobalSection(SolutionProperties) = preSolution
		HideSolutionNode = FALSE
	EndGlobalSection
	GlobalSection(ExtensibilityGlobals) = postSolution
		SolutionGuid = {180E51E7-1ABC-4280-A18F-B6C10A64F218}
	EndGlobalSection
EndGlobal
